
Microsoft Visual Studio Solution File, Format Version 12.00
# Visual Studio Version 17
VisualStudioVersion = 17.3.32922.545
MinimumVisualStudioVersion = 10.0.40219.1
Project("{8BC9CEB8-8B4A-11D0-8D11-00A0C91BC942}") = "Sandbox", "Sandbox\Sandbox.vcxproj", "{0C8AAD25-B502-4AE1-BABA-E4E162D6570C}"
EndProject
Project("{8BC9CEB8-8B4A-11D0-8D11-00A0C91BC942}") = "BagelEngine", "BagelEngine\BagelEngine.vcxproj", "{11AAD762-45FF-4B8B-9971-C92E0A837882}"
EndProject
Global
	GlobalSection(SolutionConfigurationPlatforms) = preSolution
		Debug|x64 = Debug|x64
		Release|x64 = Release|x64
	EndGlobalSection
	GlobalSection(ProjectConfigurationPlatforms) = postSolution
		{11AAD762-45FF-4B8B-9971-C92E0A837882}.Debug|x64.ActiveCfg = Debug|x64
		{11AAD762-45FF-4B8B-9971-C92E0A837882}.Debug|x64.Build.0 = Debug|x64
		{11AAD762-45FF-4B8B-9971-C92E0A837882}.Release|x64.ActiveCfg = Release|x64
		{11AAD762-45FF-4B8B-9971-C92E0A837882}.Release|x64.Build.0 = Release|x64
		{0C8AAD25-B502-4AE1-BABA-E4E162D6570C}.Debug|x64.ActiveCfg = Debug|x64
		{0C8AAD25-B502-4AE1-BABA-E4E162D6570C}.Debug|x64.Build.0 = Debug|x64
		{0C8AAD25-B502-4AE1-BABA-E4E162D6570C}.Release|x64.ActiveCfg = Release|x64
		{0C8AAD25-B502-4AE1-BABA-E4E162D6570C}.Release|x64.Build.0 = Release|x64
	EndGlobalSection
	GlobalSection(SolutionProperties) = preSolution
		HideSolutionNode = FALSE
	EndGlobalSection
	GlobalSection(ExtensibilityGlobals) = postSolution
		SolutionGuid = {CFF7FB80-5406-46C4-9477-45BBF5DC43BC}
	EndGlobalSection
EndGlobal
