<?xml version="1.0" encoding="utf-8"?>
<Project ToolsVersion="4.0" xmlns="http://schemas.microsoft.com/developer/msbuild/2003">
  <ItemGroup>
    <Filter Include="Bagel">
      <UniqueIdentifier>{C045E00C-2C5A-08BE-F5DB-AB1D61AF04EF}</UniqueIdentifier>
    </Filter>
    <Filter Include="Bagel\Events">
      <UniqueIdentifier>{A4F9158C-905C-A530-39E2-DDE6252471B3}</UniqueIdentifier>
    </Filter>
    <Filter Include="Bagel\Platform">
      <UniqueIdentifier>{14FA9805-00C8-8C0B-E95B-FD31D5C86870}</UniqueIdentifier>
    </Filter>
    <Filter Include="Bagel\Platform\Windows">
      <UniqueIdentifier>{4E78B943-3A72-E295-23DF-78A60F784802}</UniqueIdentifier>
    </Filter>
  </ItemGroup>
  <ItemGroup>
    <ClInclude Include="src\Bagel.h" />
    <ClInclude Include="src\Bagel\BagelApplication.h">
      <Filter>Bagel</Filter>
    </ClInclude>
    <ClInclude Include="src\Bagel\Core.h">
      <Filter>Bagel</Filter>
    </ClInclude>
    <ClInclude Include="src\Bagel\EntryPoint.h">
      <Filter>Bagel</Filter>
    </ClInclude>
    <ClInclude Include="src\Bagel\Events\ApplicationEvent.h">
      <Filter>Bagel\Events</Filter>
    </ClInclude>
    <ClInclude Include="src\Bagel\Events\Event.h">
      <Filter>Bagel\Events</Filter>
    </ClInclude>
    <ClInclude Include="src\Bagel\Events\KeyEvent.h">
      <Filter>Bagel\Events</Filter>
    </ClInclude>
    <ClInclude Include="src\Bagel\Events\MouseEvent.h">
      <Filter>Bagel\Events</Filter>
    </ClInclude>
    <ClInclude Include="src\Bagel\Layer.h">
      <Filter>Bagel</Filter>
    </ClInclude>
    <ClInclude Include="src\Bagel\LayerStack.h">
      <Filter>Bagel</Filter>
    </ClInclude>
    <ClInclude Include="src\Bagel\Log.h">
      <Filter>Bagel</Filter>
    </ClInclude>
    <ClInclude Include="src\Bagel\Platform\Windows\WindowsWindow.h">
      <Filter>Bagel\Platform\Windows</Filter>
    </ClInclude>
    <ClInclude Include="src\Bagel\Window.h">
      <Filter>Bagel</Filter>
    </ClInclude>
    <ClInclude Include="src\bgpch.h" />
  </ItemGroup>
  <ItemGroup>
    <ClCompile Include="src\Bagel\BagelApplication.cpp">
      <Filter>Bagel</Filter>
    </ClCompile>
    <ClCompile Include="src\Bagel\Layer.cpp">
      <Filter>Bagel</Filter>
    </ClCompile>
    <ClCompile Include="src\Bagel\LayerStack.cpp">
      <Filter>Bagel</Filter>
    </ClCompile>
    <ClCompile Include="src\Bagel\Log.cpp">
      <Filter>Bagel</Filter>
    </ClCompile>
    <ClCompile Include="src\Bagel\Platform\Windows\WindowsWindow.cpp">
      <Filter>Bagel\Platform\Windows</Filter>
    </ClCompile>
    <ClCompile Include="src\bgpch.cpp" />
  </ItemGroup>
</Project>